// !$*UTF8*$!
{
	archiveVersion = 1;
	classes = {
	};
	objectVersion = 46;
	objects = {

/* Begin PBXBuildFile section */
		A55AD62D1E54F6610081EEEF /* Stroke.swift in Sources */ = {isa = PBXBuildFile; fileRef = A55AD62C1E54F6610081EEEF /* Stroke.swift */; };
		A5E8B7231E5227520008B118 /* AppDelegate.swift in Sources */ = {isa = PBXBuildFile; fileRef = A5E8B7221E5227520008B118 /* AppDelegate.swift */; };
		A5E8B7251E5227520008B118 /* ViewController.swift in Sources */ = {isa = PBXBuildFile; fileRef = A5E8B7241E5227520008B118 /* ViewController.swift */; };
		A5E8B7281E5227520008B118 /* Main.storyboard in Resources */ = {isa = PBXBuildFile; fileRef = A5E8B7261E5227520008B118 /* Main.storyboard */; };
		A5E8B72A1E5227520008B118 /* Assets.xcassets in Resources */ = {isa = PBXBuildFile; fileRef = A5E8B7291E5227520008B118 /* Assets.xcassets */; };
		A5E8B72D1E5227520008B118 /* LaunchScreen.storyboard in Resources */ = {isa = PBXBuildFile; fileRef = A5E8B72B1E5227520008B118 /* LaunchScreen.storyboard */; };
		A5E8B7351E5228620008B118 /* StrokeView.swift in Sources */ = {isa = PBXBuildFile; fileRef = A5E8B7341E5228620008B118 /* StrokeView.swift */; };
		A5E8B7371E522CA70008B118 /* ColorButton.swift in Sources */ = {isa = PBXBuildFile; fileRef = A5E8B7361E522CA70008B118 /* ColorButton.swift */; };
/* End PBXBuildFile section */

/* Begin PBXFileReference section */
		A55AD62C1E54F6610081EEEF /* Stroke.swift */ = {isa = PBXFileReference; fileEncoding = 4; lastKnownFileType = sourcecode.swift; path = Stroke.swift; sourceTree = "<group>"; };
		A5E8B71F1E5227520008B118 /* CoreySalzer-Lab3.app */ = {isa = PBXFileReference; explicitFileType = wrapper.application; includeInIndex = 0; path = "CoreySalzer-Lab3.app"; sourceTree = BUILT_PRODUCTS_DIR; };
		A5E8B7221E5227520008B118 /* AppDelegate.swift */ = {isa = PBXFileReference; lastKnownFileType = sourcecode.swift; path = AppDelegate.swift; sourceTree = "<group>"; };
		A5E8B7241E5227520008B118 /* ViewController.swift */ = {isa = PBXFileReference; lastKnownFileType = sourcecode.swift; path = ViewController.swift; sourceTree = "<group>"; };
		A5E8B7271E5227520008B118 /* Base */ = {isa = PBXFileReference; lastKnownFileType = file.storyboard; name = Base; path = Base.lproj/Main.storyboard; sourceTree = "<group>"; };
		A5E8B7291E5227520008B118 /* Assets.xcassets */ = {isa = PBXFileReference; lastKnownFileType = folder.assetcatalog; path = Assets.xcassets; sourceTree = "<group>"; };
		A5E8B72C1E5227520008B118 /* Base */ = {isa = PBXFileReference; lastKnownFileType = file.storyboard; name = Base; path = Base.lproj/LaunchScreen.storyboard; sourceTree = "<group>"; };
		A5E8B72E1E5227520008B118 /* Info.plist */ = {isa = PBXFileReference; lastKnownFileType = text.plist.xml; path = Info.plist; sourceTree = "<group>"; };
		A5E8B7341E5228620008B118 /* StrokeView.swift */ = {isa = PBXFileReference; fileEncoding = 4; lastKnownFileType = sourcecode.swift; path = StrokeView.swift; sourceTree = "<group>"; };
		A5E8B7361E522CA70008B118 /* ColorButton.swift */ = {isa = PBXFileReference; fileEncoding = 4; lastKnownFileType = sourcecode.swift; path = ColorButton.swift; sourceTree = "<group>"; };
/* End PBXFileReference section */

/* Begin PBXFrameworksBuildPhase section */
		A5E8B71C1E5227510008B118 /* Frameworks */ = {
			isa = PBXFrameworksBuildPhase;
			buildActionMask = 2147483647;
			files = (
			);
			runOnlyForDeploymentPostprocessing = 0;
		};
/* End PBXFrameworksBuildPhase section */

/* Begin PBXGroup section */
		A5E8B7161E5227510008B118 = {
			isa = PBXGroup;
			children = (
				A5E8B7211E5227520008B118 /* CoreySalzer-Lab3 */,
				A5E8B7201E5227520008B118 /* Products */,
			);
			sourceTree = "<group>";
		};
		A5E8B7201E5227520008B118 /* Products */ = {
			isa = PBXGroup;
			children = (
				A5E8B71F1E5227520008B118 /* CoreySalzer-Lab3.app */,
			);
			name = Products;
			sourceTree = "<group>";
		};
		A5E8B7211E5227520008B118 /* CoreySalzer-Lab3 */ = {
			isa = PBXGroup;
			children = (
				A5E8B7221E5227520008B118 /* AppDelegate.swift */,
				A5E8B7241E5227520008B118 /* ViewController.swift */,
				A5E8B7261E5227520008B118 /* Main.storyboard */,
				A5E8B7291E5227520008B118 /* Assets.xcassets */,
				A5E8B72B1E5227520008B118 /* LaunchScreen.storyboard */,
				A5E8B72E1E5227520008B118 /* Info.plist */,
				A5E8B7341E5228620008B118 /* StrokeView.swift */,
				A5E8B7361E522CA70008B118 /* ColorButton.swift */,
				A55AD62C1E54F6610081EEEF /* Stroke.swift */,
			);
			path = "CoreySalzer-Lab3";
			sourceTree = "<group>";
		};
/* End PBXGroup section */

/* Begin PBXNativeTarget section */
		A5E8B71E1E5227510008B118 /* CoreySalzer-Lab3 */ = {
			isa = PBXNativeTarget;
			buildConfigurationList = A5E8B7311E5227520008B118 /* Build configuration list for PBXNativeTarget "CoreySalzer-Lab3" */;
			buildPhases = (
				A5E8B71B1E5227510008B118 /* Sources */,
				A5E8B71C1E5227510008B118 /* Frameworks */,
				A5E8B71D1E5227510008B118 /* Resources */,
			);
			buildRules = (
			);
			dependencies = (
			);
			name = "CoreySalzer-Lab3";
			productName = "CoreySalzer-Lab3";
			productReference = A5E8B71F1E5227520008B118 /* CoreySalzer-Lab3.app */;
			productType = "com.apple.product-type.application";
		};
/* End PBXNativeTarget section */

/* Begin PBXProject section */
		A5E8B7171E5227510008B118 /* Project object */ = {
			isa = PBXProject;
			attributes = {
				LastSwiftUpdateCheck = 0820;
				LastUpgradeCheck = 0820;
				ORGANIZATIONNAME = "Corey Salzer";
				TargetAttributes = {
					A5E8B71E1E5227510008B118 = {
						CreatedOnToolsVersion = 8.2.1;
						ProvisioningStyle = Automatic;
					};
				};
			};
			buildConfigurationList = A5E8B71A1E5227510008B118 /* Build configuration list for PBXProject "CoreySalzer-Lab3" */;
			compatibilityVersion = "Xcode 3.2";
			developmentRegion = English;
			hasScannedForEncodings = 0;
			knownRegions = (
				en,
				Base,
			);
			mainGroup = A5E8B7161E5227510008B118;
			productRefGroup = A5E8B7201E5227520008B118 /* Products */;
			projectDirPath = "";
			projectRoot = "";
			targets = (
				A5E8B71E1E5227510008B118 /* CoreySalzer-Lab3 */,
			);
		};
/* End PBXProject section */

/* Begin PBXResourcesBuildPhase section */
		A5E8B71D1E5227510008B118 /* Resources */ = {
			isa = PBXResourcesBuildPhase;
			buildActionMask = 2147483647;
			files = (
				A5E8B72D1E5227520008B118 /* LaunchScreen.storyboard in Resources */,
				A5E8B72A1E5227520008B118 /* Assets.xcassets in Resources */,
				A5E8B7281E5227520008B118 /* Main.storyboard in Resources */,
			);
			runOnlyForDeploymentPostprocessing = 0;
		};
/* End PBXResourcesBuildPhase section */

/* Begin PBXSourcesBuildPhase section */
		A5E8B71B1E5227510008B118 /* Sources */ = {
			isa = PBXSourcesBuildPhase;
			buildActionMask = 2147483647;
			files = (
				A5E8B7251E5227520008B118 /* ViewController.swift in Sources */,
				A5E8B7231E5227520008B118 /* AppDelegate.swift in Sources */,
				A55AD62D1E54F6610081EEEF /* Stroke.swift in Sources */,
				A5E8B7351E5228620008B118 /* StrokeView.swift in Sources */,
				A5E8B7371E522CA70008B118 /* ColorButton.swift in Sources */,
			);
			runOnlyForDeploymentPostprocessing = 0;
		};
/* End PBXSourcesBuildPhase section */

/* Begin PBXVariantGroup section */
		A5E8B7261E5227520008B118 /* Main.storyboard */ = {
			isa = PBXVariantGroup;
			children = (
				A5E8B7271E5227520008B118 /* Base */,
			);
			name = Main.storyboard;
			sourceTree = "<group>";
		};
		A5E8B72B1E5227520008B118 /* LaunchScreen.storyboard */ = {
			isa = PBXVariantGroup;
			children = (
				A5E8B72C1E5227520008B118 /* Base */,
			);
			name = LaunchScreen.storyboard;
			sourceTree = "<group>";
		};
/* End PBXVariantGroup section */

/* Begin XCBuildConfiguration section */
		A5E8B72F1E5227520008B118 /* Debug */ = {
			isa = XCBuildConfiguration;
			buildSettings = {
				ALWAYS_SEARCH_USER_PATHS = NO;
				CLANG_ANALYZER_NONNULL = YES;
				CLANG_CXX_LANGUAGE_STANDARD = "gnu++0x";
				CLANG_CXX_LIBRARY = "libc++";
				CLANG_ENABLE_MODULES = YES;
				CLANG_ENABLE_OBJC_ARC = YES;
				CLANG_WARN_BOOL_CONVERSION = YES;
				CLANG_WARN_CONSTANT_CONVERSION = YES;
				CLANG_WARN_DIRECT_OBJC_ISA_USAGE = YES_ERROR;
				CLANG_WARN_DOCUMENTATION_COMMENTS = YES;
				CLANG_WARN_EMPTY_BODY = YES;
				CLANG_WARN_ENUM_CONVERSION = YES;
				CLANG_WARN_INFINITE_RECURSION = YES;
				CLANG_WARN_INT_CONVERSION = YES;
				CLANG_WARN_OBJC_ROOT_CLASS = YES_ERROR;
				CLANG_WARN_SUSPICIOUS_MOVE = YES;
				CLANG_WARN_UNREACHABLE_CODE = YES;
				CLANG_WARN__DUPLICATE_METHOD_MATCH = YES;
				"CODE_SIGN_IDENTITY[sdk=iphoneos*]" = "iPhone Developer";
				COPY_PHASE_STRIP = NO;
				DEBUG_INFORMATION_FORMAT = dwarf;
				ENABLE_STRICT_OBJC_MSGSEND = YES;
				ENABLE_TESTABILITY = YES;
				GCC_C_LANGUAGE_STANDARD = gnu99;
				GCC_DYNAMIC_NO_PIC = NO;
				GCC_NO_COMMON_BLOCKS = YES;
				GCC_OPTIMIZATION_LEVEL = 0;
				GCC_PREPROCESSOR_DEFINITIONS = (
					"DEBUG=1",
					"$(inherited)",
				);
				GCC_WARN_64_TO_32_BIT_CONVERSION = YES;
				GCC_WARN_ABOUT_RETURN_TYPE = YES_ERROR;
				GCC_WARN_UNDECLARED_SELECTOR = YES;
				GCC_WARN_UNINITIALIZED_AUTOS = YES_AGGRESSIVE;
				GCC_WARN_UNUSED_FUNCTION = YES;
				GCC_WARN_UNUSED_VARIABLE = YES;
				IPHONEOS_DEPLOYMENT_TARGET = 10.2;
				MTL_ENABLE_DEBUG_INFO = YES;
				ONLY_ACTIVE_ARCH = YES;
				SDKROOT = iphoneos;
				SWIFT_ACTIVE_COMPILATION_CONDITIONS = DEBUG;
				SWIFT_OPTIMIZATION_LEVEL = "-Onone";
				TARGETED_DEVICE_FAMILY = "1,2";
			};
			name = Debug;
		};
		A5E8B7301E5227520008B118 /* Release */ = {
			isa = XCBuildConfiguration;
			buildSettings = {
				ALWAYS_SEARCH_USER_PATHS = NO;
				CLANG_ANALYZER_NONNULL = YES;
				CLANG_CXX_LANGUAGE_STANDARD = "gnu++0x";
				CLANG_CXX_LIBRARY = "libc++";
				CLANG_ENABLE_MODULES = YES;
				CLANG_ENABLE_OBJC_ARC = YES;
				CLANG_WARN_BOOL_CONVERSION = YES;
				CLANG_WARN_CONSTANT_CONVERSION = YES;
				CLANG_WARN_DIRECT_OBJC_ISA_USAGE = YES_ERROR;
				CLANG_WARN_DOCUMENTATION_COMMENTS = YES;
				CLANG_WARN_EMPTY_BODY = YES;
				CLANG_WARN_ENUM_CONVERSION = YES;
				CLANG_WARN_INFINITE_RECURSION = YES;
				CLANG_WARN_INT_CONVERSION = YES;
				CLANG_WARN_OBJC_ROOT_CLASS = YES_ERROR;
				CLANG_WARN_SUSPICIOUS_MOVE = YES;
				CLANG_WARN_UNREACHABLE_CODE = YES;
				CLANG_WARN__DUPLICATE_METHOD_MATCH = YES;
				"CODE_SIGN_IDENTITY[sdk=iphoneos*]" = "iPhone Developer";
				COPY_PHASE_STRIP = NO;
				DEBUG_INFORMATION_FORMAT = "dwarf-with-dsym";
				ENABLE_NS_ASSERTIONS = NO;
				ENABLE_STRICT_OBJC_MSGSEND = YES;
				GCC_C_LANGUAGE_STANDARD = gnu99;
				GCC_NO_COMMON_BLOCKS = YES;
				GCC_WARN_64_TO_32_BIT_CONVERSION = YES;
				GCC_WARN_ABOUT_RETURN_TYPE = YES_ERROR;
				GCC_WARN_UNDECLARED_SELECTOR = YES;
				GCC_WARN_UNINITIALIZED_AUTOS = YES_AGGRESSIVE;
				GCC_WARN_UNUSED_FUNCTION = YES;
				GCC_WARN_UNUSED_VARIABLE = YES;
				IPHONEOS_DEPLOYMENT_TARGET = 10.2;
				MTL_ENABLE_DEBUG_INFO = NO;
				SDKROOT = iphoneos;
				SWIFT_OPTIMIZATION_LEVEL = "-Owholemodule";
				TARGETED_DEVICE_FAMILY = "1,2";
				VALIDATE_PRODUCT = YES;
			};
			name = Release;
		};
		A5E8B7321E5227520008B118 /* Debug */ = {
			isa = XCBuildConfiguration;
			buildSettings = {
				ASSETCATALOG_COMPILER_APPICON_NAME = AppIcon;
				INFOPLIST_FILE = "CoreySalzer-Lab3/Info.plist";
				LD_RUNPATH_SEARCH_PATHS = "$(inherited) @executable_path/Frameworks";
				PRODUCT_BUNDLE_IDENTIFIER = "com.CSE438.CoreySalzer-Lab3";
				PRODUCT_NAME = "$(TARGET_NAME)";
				SWIFT_VERSION = 3.0;
			};
			name = Debug;
		};
		A5E8B7331E5227520008B118 /* Release */ = {
			isa = XCBuildConfiguration;
			buildSettings = {
				ASSETCATALOG_COMPILER_APPICON_NAME = AppIcon;
				INFOPLIST_FILE = "CoreySalzer-Lab3/Info.plist";
				LD_RUNPATH_SEARCH_PATHS = "$(inherited) @executable_path/Frameworks";
				PRODUCT_BUNDLE_IDENTIFIER = "com.CSE438.CoreySalzer-Lab3";
				PRODUCT_NAME = "$(TARGET_NAME)";
				SWIFT_VERSION = 3.0;
			};
			name = Release;
		};
/* End XCBuildConfiguration section */

/* Begin XCConfigurationList section */
		A5E8B71A1E5227510008B118 /* Build configuration list for PBXProject "CoreySalzer-Lab3" */ = {
			isa = XCConfigurationList;
			buildConfigurations = (
				A5E8B72F1E5227520008B118 /* Debug */,
				A5E8B7301E5227520008B118 /* Release */,
			);
			defaultConfigurationIsVisible = 0;
			defaultConfigurationName = Release;
		};
		A5E8B7311E5227520008B118 /* Build configuration list for PBXNativeTarget "CoreySalzer-Lab3" */ = {
			isa = XCConfigurationList;
			buildConfigurations = (
				A5E8B7321E5227520008B118 /* Debug */,
				A5E8B7331E5227520008B118 /* Release */,
			);
			defaultConfigurationIsVisible = 0;
			defaultConfigurationName = Release;
		};
/* End XCConfigurationList section */
	};
	rootObject = A5E8B7171E5227510008B118 /* Project object */;
}
